{
	"name": "api",
	"version": "0.1.0",
	"lockfileVersion": 3,
	"requires": true,
	"packages": {
		"": {
			"name": "api",
			"version": "0.1.0",
			"dependencies": {
				"@hono/zod-validator": "^0.2.2",
				"@prisma/client": "^5.19.1",
				"hono": "^4.5.11",
				"prisma": "^5.19.1",
				"zod": "^3.23.8"
			},
			"devDependencies": {
				"@types/bun": "latest"
			}
		},
		"node_modules/@hono/zod-validator": {
			"version": "0.2.2",
			"license": "MIT",
			"peerDependencies": {
				"hono": ">=3.9.0",
				"zod": "^3.19.1"
			}
		},
		"node_modules/@prisma/client": {
			"version": "5.19.1",
			"hasInstallScript": true,
			"license": "Apache-2.0",
			"engines": {
				"node": ">=16.13"
			},
			"peerDependencies": {
				"prisma": "*"
			},
			"peerDependenciesMeta": {
				"prisma": {
					"optional": true
				}
			}
		},
		"node_modules/@prisma/debug": {
			"version": "5.19.1",
			"license": "Apache-2.0"
		},
		"node_modules/@prisma/engines": {
			"version": "5.19.1",
			"hasInstallScript": true,
			"license": "Apache-2.0",
			"dependencies": {
				"@prisma/debug": "5.19.1",
				"@prisma/engines-version": "5.19.1-2.69d742ee20b815d88e17e54db4a2a7a3b30324e3",
				"@prisma/fetch-engine": "5.19.1",
				"@prisma/get-platform": "5.19.1"
			}
		},
		"node_modules/@prisma/engines-version": {
			"version": "5.19.1-2.69d742ee20b815d88e17e54db4a2a7a3b30324e3",
			"license": "Apache-2.0"
		},
		"node_modules/@prisma/fetch-engine": {
			"version": "5.19.1",
			"license": "Apache-2.0",
			"dependencies": {
				"@prisma/debug": "5.19.1",
				"@prisma/engines-version": "5.19.1-2.69d742ee20b815d88e17e54db4a2a7a3b30324e3",
				"@prisma/get-platform": "5.19.1"
			}
		},
		"node_modules/@prisma/get-platform": {
			"version": "5.19.1",
			"license": "Apache-2.0",
			"dependencies": {
				"@prisma/debug": "5.19.1"
			}
		},
		"node_modules/@types/bun": {
			"version": "1.1.13",
			"resolved": "https://registry.npmjs.org/@types/bun/-/bun-1.1.13.tgz",
			"integrity": "sha512-KmQxSBgVWCl6RSuerlLGZlIWfdxkKqat0nxN61+qu4y1KDn0Ll3j7v1Pl8GnaL3a/U6GGWVTJh75ap62kR1E8Q==",
			"dev": true,
			"license": "MIT",
			"dependencies": {
				"bun-types": "1.1.34"
			}
		},
		"node_modules/@types/node": {
			"version": "20.12.14",
			"resolved": "https://registry.npmjs.org/@types/node/-/node-20.12.14.tgz",
			"integrity": "sha512-scnD59RpYD91xngrQQLGkE+6UrHUPzeKZWhhjBSa3HSkwjbQc38+q3RoIVEwxQGRw3M+j5hpNAM+lgV3cVormg==",
			"dev": true,
			"license": "MIT",
			"dependencies": {
				"undici-types": "~5.26.4"
			}
		},
		"node_modules/@types/ws": {
			"version": "8.5.13",
			"resolved": "https://registry.npmjs.org/@types/ws/-/ws-8.5.13.tgz",
			"integrity": "sha512-osM/gWBTPKgHV8XkTunnegTRIsvF6owmf5w+JtAfOw472dptdm0dlGv4xCt6GwQRcC2XVOvvRE/0bAoQcL2QkA==",
			"dev": true,
			"license": "MIT",
			"dependencies": {
				"@types/node": "*"
			}
		},
		"node_modules/bun-types": {
			"version": "1.1.34",
			"resolved": "https://registry.npmjs.org/bun-types/-/bun-types-1.1.34.tgz",
			"integrity": "sha512-br5QygTEL/TwB4uQOb96Ky22j4Gq2WxWH/8Oqv20fk5HagwKXo/akB+LiYgSfzexCt6kkcUaVm+bKiPl71xPvw==",
			"dev": true,
			"license": "MIT",
			"dependencies": {
				"@types/node": "~20.12.8",
				"@types/ws": "~8.5.10"
			}
		},
		"node_modules/fsevents": {
			"version": "2.3.3",
			"license": "MIT",
			"optional": true,
			"os": [
				"darwin"
			],
			"engines": {
				"node": "^8.16.0 || ^10.6.0 || >=11.0.0"
			}
		},
		"node_modules/hono": {
			"version": "4.5.11",
			"license": "MIT",
			"engines": {
				"node": ">=16.0.0"
			}
		},
		"node_modules/prisma": {
			"version": "5.19.1",
			"hasInstallScript": true,
			"license": "Apache-2.0",
			"dependencies": {
				"@prisma/engines": "5.19.1"
			},
			"bin": {
				"prisma": "build/index.js"
			},
			"engines": {
				"node": ">=16.13"
			},
			"optionalDependencies": {
				"fsevents": "2.3.3"
			}
		},
		"node_modules/undici-types": {
			"version": "5.26.5",
			"resolved": "https://registry.npmjs.org/undici-types/-/undici-types-5.26.5.tgz",
			"integrity": "sha512-JlCMO+ehdEIKqlFxk6IfVoAUVmgz7cU7zD/h9XZ0qzeosSHmUJVOzSQvvYSYWXkFXC+IfLKSIffhv0sVZup6pA==",
			"dev": true,
			"license": "MIT"
		},
		"node_modules/zod": {
			"version": "3.23.8",
			"license": "MIT",
			"funding": {
				"url": "https://github.com/sponsors/colinhacks"
			}
		}
	}
}
